// !$*UTF8*$!
{
	archiveVersion = 1;
	classes = {
	};
	objectVersion = 56;
	objects = {

/* Begin PBXBuildFile section */
		F7EAE82E2BEE6B2100BD6B30 /* counters Watch App.app in Embed Watch Content */ = {isa = PBXBuildFile; fileRef = F7EAE82D2BEE6B2100BD6B30 /* counters Watch App.app */; settings = {ATTRIBUTES = (RemoveHeadersOnCopy, ); }; };
		F7EAE8332BEE6B2100BD6B30 /* countersApp.swift in Sources */ = {isa = PBXBuildFile; fileRef = F7EAE8322BEE6B2100BD6B30 /* countersApp.swift */; };
		F7EAE8352BEE6B2100BD6B30 /* ContentView.swift in Sources */ = {isa = PBXBuildFile; fileRef = F7EAE8342BEE6B2100BD6B30 /* ContentView.swift */; };
		F7EAE8372BEE6B2200BD6B30 /* Assets.xcassets in Resources */ = {isa = PBXBuildFile; fileRef = F7EAE8362BEE6B2200BD6B30 /* Assets.xcassets */; };
		F7EAE83A2BEE6B2200BD6B30 /* Preview Assets.xcassets in Resources */ = {isa = PBXBuildFile; fileRef = F7EAE8392BEE6B2200BD6B30 /* Preview Assets.xcassets */; };
/* End PBXBuildFile section */

/* Begin PBXContainerItemProxy section */
		F7EAE82F2BEE6B2100BD6B30 /* PBXContainerItemProxy */ = {
			isa = PBXContainerItemProxy;
			containerPortal = F7EAE8212BEE6B2100BD6B30 /* Project object */;
			proxyType = 1;
			remoteGlobalIDString = F7EAE82C2BEE6B2100BD6B30;
			remoteInfo = "counters Watch App";
		};
/* End PBXContainerItemProxy section */

/* Begin PBXCopyFilesBuildPhase section */
		F7EAE8402BEE6B2200BD6B30 /* Embed Watch Content */ = {
			isa = PBXCopyFilesBuildPhase;
			buildActionMask = 2147483647;
			dstPath = "$(CONTENTS_FOLDER_PATH)/Watch";
			dstSubfolderSpec = 16;
			files = (
				F7EAE82E2BEE6B2100BD6B30 /* counters Watch App.app in Embed Watch Content */,
			);
			name = "Embed Watch Content";
			runOnlyForDeploymentPostprocessing = 0;
		};
/* End PBXCopyFilesBuildPhase section */

/* Begin PBXFileReference section */
		F7EAE8272BEE6B2100BD6B30 /* counters.app */ = {isa = PBXFileReference; explicitFileType = wrapper.application; includeInIndex = 0; path = counters.app; sourceTree = BUILT_PRODUCTS_DIR; };
		F7EAE82D2BEE6B2100BD6B30 /* counters Watch App.app */ = {isa = PBXFileReference; explicitFileType = wrapper.application; includeInIndex = 0; path = "counters Watch App.app"; sourceTree = BUILT_PRODUCTS_DIR; };
		F7EAE8322BEE6B2100BD6B30 /* countersApp.swift */ = {isa = PBXFileReference; lastKnownFileType = sourcecode.swift; path = countersApp.swift; sourceTree = "<group>"; };
		F7EAE8342BEE6B2100BD6B30 /* ContentView.swift */ = {isa = PBXFileReference; lastKnownFileType = sourcecode.swift; path = ContentView.swift; sourceTree = "<group>"; };
		F7EAE8362BEE6B2200BD6B30 /* Assets.xcassets */ = {isa = PBXFileReference; lastKnownFileType = folder.assetcatalog; path = Assets.xcassets; sourceTree = "<group>"; };
		F7EAE8392BEE6B2200BD6B30 /* Preview Assets.xcassets */ = {isa = PBXFileReference; lastKnownFileType = folder.assetcatalog; path = "Preview Assets.xcassets"; sourceTree = "<group>"; };
/* End PBXFileReference section */

/* Begin PBXFrameworksBuildPhase section */
		F7EAE82A2BEE6B2100BD6B30 /* Frameworks */ = {
			isa = PBXFrameworksBuildPhase;
			buildActionMask = 2147483647;
			files = (
			);
			runOnlyForDeploymentPostprocessing = 0;
		};
/* End PBXFrameworksBuildPhase section */

/* Begin PBXGroup section */
		F7EAE8202BEE6B2100BD6B30 = {
			isa = PBXGroup;
			children = (
				F7EAE8312BEE6B2100BD6B30 /* counters Watch App */,
				F7EAE8282BEE6B2100BD6B30 /* Products */,
			);
			sourceTree = "<group>";
		};
		F7EAE8282BEE6B2100BD6B30 /* Products */ = {
			isa = PBXGroup;
			children = (
				F7EAE8272BEE6B2100BD6B30 /* counters.app */,
				F7EAE82D2BEE6B2100BD6B30 /* counters Watch App.app */,
			);
			name = Products;
			sourceTree = "<group>";
		};
		F7EAE8312BEE6B2100BD6B30 /* counters Watch App */ = {
			isa = PBXGroup;
			children = (
				F7EAE8322BEE6B2100BD6B30 /* countersApp.swift */,
				F7EAE8342BEE6B2100BD6B30 /* ContentView.swift */,
				F7EAE8362BEE6B2200BD6B30 /* Assets.xcassets */,
				F7EAE8382BEE6B2200BD6B30 /* Preview Content */,
			);
			path = "counters Watch App";
			sourceTree = "<group>";
		};
		F7EAE8382BEE6B2200BD6B30 /* Preview Content */ = {
			isa = PBXGroup;
			children = (
				F7EAE8392BEE6B2200BD6B30 /* Preview Assets.xcassets */,
			);
			path = "Preview Content";
			sourceTree = "<group>";
		};
/* End PBXGroup section */

/* Begin PBXNativeTarget section */
		F7EAE8262BEE6B2100BD6B30 /* counters */ = {
			isa = PBXNativeTarget;
			buildConfigurationList = F7EAE8412BEE6B2200BD6B30 /* Build configuration list for PBXNativeTarget "counters" */;
			buildPhases = (
				F7EAE8252BEE6B2100BD6B30 /* Resources */,
				F7EAE8402BEE6B2200BD6B30 /* Embed Watch Content */,
			);
			buildRules = (
			);
			dependencies = (
				F7EAE8302BEE6B2100BD6B30 /* PBXTargetDependency */,
			);
			name = counters;
			productName = counters;
			productReference = F7EAE8272BEE6B2100BD6B30 /* counters.app */;
			productType = "com.apple.product-type.application.watchapp2-container";
		};
		F7EAE82C2BEE6B2100BD6B30 /* counters Watch App */ = {
			isa = PBXNativeTarget;
			buildConfigurationList = F7EAE83D2BEE6B2200BD6B30 /* Build configuration list for PBXNativeTarget "counters Watch App" */;
			buildPhases = (
				F7EAE8292BEE6B2100BD6B30 /* Sources */,
				F7EAE82A2BEE6B2100BD6B30 /* Frameworks */,
				F7EAE82B2BEE6B2100BD6B30 /* Resources */,
			);
			buildRules = (
			);
			dependencies = (
			);
			name = "counters Watch App";
			productName = "counters Watch App";
			productReference = F7EAE82D2BEE6B2100BD6B30 /* counters Watch App.app */;
			productType = "com.apple.product-type.application";
		};
/* End PBXNativeTarget section */

/* Begin PBXProject section */
		F7EAE8212BEE6B2100BD6B30 /* Project object */ = {
			isa = PBXProject;
			attributes = {
				BuildIndependentTargetsInParallel = 1;
				LastSwiftUpdateCheck = 1530;
				LastUpgradeCheck = 1530;
				TargetAttributes = {
					F7EAE8262BEE6B2100BD6B30 = {
						CreatedOnToolsVersion = 15.3;
					};
					F7EAE82C2BEE6B2100BD6B30 = {
						CreatedOnToolsVersion = 15.3;
					};
				};
			};
			buildConfigurationList = F7EAE8242BEE6B2100BD6B30 /* Build configuration list for PBXProject "counters" */;
			compatibilityVersion = "Xcode 14.0";
			developmentRegion = en;
			hasScannedForEncodings = 0;
			knownRegions = (
				en,
				Base,
			);
			mainGroup = F7EAE8202BEE6B2100BD6B30;
			productRefGroup = F7EAE8282BEE6B2100BD6B30 /* Products */;
			projectDirPath = "";
			projectRoot = "";
			targets = (
				F7EAE8262BEE6B2100BD6B30 /* counters */,
				F7EAE82C2BEE6B2100BD6B30 /* counters Watch App */,
			);
		};
/* End PBXProject section */

/* Begin PBXResourcesBuildPhase section */
		F7EAE8252BEE6B2100BD6B30 /* Resources */ = {
			isa = PBXResourcesBuildPhase;
			buildActionMask = 2147483647;
			files = (
			);
			runOnlyForDeploymentPostprocessing = 0;
		};
		F7EAE82B2BEE6B2100BD6B30 /* Resources */ = {
			isa = PBXResourcesBuildPhase;
			buildActionMask = 2147483647;
			files = (
				F7EAE83A2BEE6B2200BD6B30 /* Preview Assets.xcassets in Resources */,
				F7EAE8372BEE6B2200BD6B30 /* Assets.xcassets in Resources */,
			);
			runOnlyForDeploymentPostprocessing = 0;
		};
/* End PBXResourcesBuildPhase section */

/* Begin PBXSourcesBuildPhase section */
		F7EAE8292BEE6B2100BD6B30 /* Sources */ = {
			isa = PBXSourcesBuildPhase;
			buildActionMask = 2147483647;
			files = (
				F7EAE8352BEE6B2100BD6B30 /* ContentView.swift in Sources */,
				F7EAE8332BEE6B2100BD6B30 /* countersApp.swift in Sources */,
			);
			runOnlyForDeploymentPostprocessing = 0;
		};
/* End PBXSourcesBuildPhase section */

/* Begin PBXTargetDependency section */
		F7EAE8302BEE6B2100BD6B30 /* PBXTargetDependency */ = {
			isa = PBXTargetDependency;
			target = F7EAE82C2BEE6B2100BD6B30 /* counters Watch App */;
			targetProxy = F7EAE82F2BEE6B2100BD6B30 /* PBXContainerItemProxy */;
		};
/* End PBXTargetDependency section */

/* Begin XCBuildConfiguration section */
		F7EAE83B2BEE6B2200BD6B30 /* Debug */ = {
			isa = XCBuildConfiguration;
			buildSettings = {
				ALWAYS_SEARCH_USER_PATHS = NO;
				ASSETCATALOG_COMPILER_GENERATE_SWIFT_ASSET_SYMBOL_EXTENSIONS = YES;
				CLANG_ANALYZER_NONNULL = YES;
				CLANG_ANALYZER_NUMBER_OBJECT_CONVERSION = YES_AGGRESSIVE;
				CLANG_CXX_LANGUAGE_STANDARD = "gnu++20";
				CLANG_ENABLE_MODULES = YES;
				CLANG_ENABLE_OBJC_ARC = YES;
				CLANG_ENABLE_OBJC_WEAK = YES;
				CLANG_WARN_BLOCK_CAPTURE_AUTORELEASING = YES;
				CLANG_WARN_BOOL_CONVERSION = YES;
				CLANG_WARN_COMMA = YES;
				CLANG_WARN_CONSTANT_CONVERSION = YES;
				CLANG_WARN_DEPRECATED_OBJC_IMPLEMENTATIONS = YES;
				CLANG_WARN_DIRECT_OBJC_ISA_USAGE = YES_ERROR;
				CLANG_WARN_DOCUMENTATION_COMMENTS = YES;
				CLANG_WARN_EMPTY_BODY = YES;
				CLANG_WARN_ENUM_CONVERSION = YES;
				CLANG_WARN_INFINITE_RECURSION = YES;
				CLANG_WARN_INT_CONVERSION = YES;
				CLANG_WARN_NON_LITERAL_NULL_CONVERSION = YES;
				CLANG_WARN_OBJC_IMPLICIT_RETAIN_SELF = YES;
				CLANG_WARN_OBJC_LITERAL_CONVERSION = YES;
				CLANG_WARN_OBJC_ROOT_CLASS = YES_ERROR;
				CLANG_WARN_QUOTED_INCLUDE_IN_FRAMEWORK_HEADER = YES;
				CLANG_WARN_RANGE_LOOP_ANALYSIS = YES;
				CLANG_WARN_STRICT_PROTOTYPES = YES;
				CLANG_WARN_SUSPICIOUS_MOVE = YES;
				CLANG_WARN_UNGUARDED_AVAILABILITY = YES_AGGRESSIVE;
				CLANG_WARN_UNREACHABLE_CODE = YES;
				CLANG_WARN__DUPLICATE_METHOD_MATCH = YES;
				COPY_PHASE_STRIP = NO;
				DEBUG_INFORMATION_FORMAT = dwarf;
				ENABLE_STRICT_OBJC_MSGSEND = YES;
				ENABLE_TESTABILITY = YES;
				ENABLE_USER_SCRIPT_SANDBOXING = YES;
				GCC_C_LANGUAGE_STANDARD = gnu17;
				GCC_DYNAMIC_NO_PIC = NO;
				GCC_NO_COMMON_BLOCKS = YES;
				GCC_OPTIMIZATION_LEVEL = 0;
				GCC_PREPROCESSOR_DEFINITIONS = (
					"DEBUG=1",
					"$(inherited)",
				);
				GCC_WARN_64_TO_32_BIT_CONVERSION = YES;
				GCC_WARN_ABOUT_RETURN_TYPE = YES_ERROR;
				GCC_WARN_UNDECLARED_SELECTOR = YES;
				GCC_WARN_UNINITIALIZED_AUTOS = YES_AGGRESSIVE;
				GCC_WARN_UNUSED_FUNCTION = YES;
				GCC_WARN_UNUSED_VARIABLE = YES;
				LOCALIZATION_PREFERS_STRING_CATALOGS = YES;
				MTL_ENABLE_DEBUG_INFO = INCLUDE_SOURCE;
				MTL_FAST_MATH = YES;
				ONLY_ACTIVE_ARCH = YES;
				SWIFT_ACTIVE_COMPILATION_CONDITIONS = "DEBUG $(inherited)";
				SWIFT_OPTIMIZATION_LEVEL = "-Onone";
			};
			name = Debug;
		};
		F7EAE83C2BEE6B2200BD6B30 /* Release */ = {
			isa = XCBuildConfiguration;
			buildSettings = {
				ALWAYS_SEARCH_USER_PATHS = NO;
				ASSETCATALOG_COMPILER_GENERATE_SWIFT_ASSET_SYMBOL_EXTENSIONS = YES;
				CLANG_ANALYZER_NONNULL = YES;
				CLANG_ANALYZER_NUMBER_OBJECT_CONVERSION = YES_AGGRESSIVE;
				CLANG_CXX_LANGUAGE_STANDARD = "gnu++20";
				CLANG_ENABLE_MODULES = YES;
				CLANG_ENABLE_OBJC_ARC = YES;
				CLANG_ENABLE_OBJC_WEAK = YES;
				CLANG_WARN_BLOCK_CAPTURE_AUTORELEASING = YES;
				CLANG_WARN_BOOL_CONVERSION = YES;
				CLANG_WARN_COMMA = YES;
				CLANG_WARN_CONSTANT_CONVERSION = YES;
				CLANG_WARN_DEPRECATED_OBJC_IMPLEMENTATIONS = YES;
				CLANG_WARN_DIRECT_OBJC_ISA_USAGE = YES_ERROR;
				CLANG_WARN_DOCUMENTATION_COMMENTS = YES;
				CLANG_WARN_EMPTY_BODY = YES;
				CLANG_WARN_ENUM_CONVERSION = YES;
				CLANG_WARN_INFINITE_RECURSION = YES;
				CLANG_WARN_INT_CONVERSION = YES;
				CLANG_WARN_NON_LITERAL_NULL_CONVERSION = YES;
				CLANG_WARN_OBJC_IMPLICIT_RETAIN_SELF = YES;
				CLANG_WARN_OBJC_LITERAL_CONVERSION = YES;
				CLANG_WARN_OBJC_ROOT_CLASS = YES_ERROR;
				CLANG_WARN_QUOTED_INCLUDE_IN_FRAMEWORK_HEADER = YES;
				CLANG_WARN_RANGE_LOOP_ANALYSIS = YES;
				CLANG_WARN_STRICT_PROTOTYPES = YES;
				CLANG_WARN_SUSPICIOUS_MOVE = YES;
				CLANG_WARN_UNGUARDED_AVAILABILITY = YES_AGGRESSIVE;
				CLANG_WARN_UNREACHABLE_CODE = YES;
				CLANG_WARN__DUPLICATE_METHOD_MATCH = YES;
				COPY_PHASE_STRIP = NO;
				DEBUG_INFORMATION_FORMAT = "dwarf-with-dsym";
				ENABLE_NS_ASSERTIONS = NO;
				ENABLE_STRICT_OBJC_MSGSEND = YES;
				ENABLE_USER_SCRIPT_SANDBOXING = YES;
				GCC_C_LANGUAGE_STANDARD = gnu17;
				GCC_NO_COMMON_BLOCKS = YES;
				GCC_WARN_64_TO_32_BIT_CONVERSION = YES;
				GCC_WARN_ABOUT_RETURN_TYPE = YES_ERROR;
				GCC_WARN_UNDECLARED_SELECTOR = YES;
				GCC_WARN_UNINITIALIZED_AUTOS = YES_AGGRESSIVE;
				GCC_WARN_UNUSED_FUNCTION = YES;
				GCC_WARN_UNUSED_VARIABLE = YES;
				LOCALIZATION_PREFERS_STRING_CATALOGS = YES;
				MTL_ENABLE_DEBUG_INFO = NO;
				MTL_FAST_MATH = YES;
				SWIFT_COMPILATION_MODE = wholemodule;
			};
			name = Release;
		};
		F7EAE83E2BEE6B2200BD6B30 /* Debug */ = {
			isa = XCBuildConfiguration;
			buildSettings = {
				ASSETCATALOG_COMPILER_APPICON_NAME = AppIcon;
				ASSETCATALOG_COMPILER_GLOBAL_ACCENT_COLOR_NAME = AccentColor;
				CODE_SIGN_STYLE = Automatic;
				CURRENT_PROJECT_VERSION = 1;
				DEVELOPMENT_ASSET_PATHS = "\"counters Watch App/Preview Content\"";
				ENABLE_PREVIEWS = YES;
				GENERATE_INFOPLIST_FILE = YES;
				INFOPLIST_KEY_CFBundleDisplayName = counters;
				INFOPLIST_KEY_UISupportedInterfaceOrientations = "UIInterfaceOrientationPortrait UIInterfaceOrientationPortraitUpsideDown";
				INFOPLIST_KEY_WKWatchOnly = YES;
				LD_RUNPATH_SEARCH_PATHS = (
					"$(inherited)",
					"@executable_path/Frameworks",
				);
				MARKETING_VERSION = 1.0;
				PRODUCT_BUNDLE_IDENTIFIER = twistezo.counters.watchkitapp;
				PRODUCT_NAME = "$(TARGET_NAME)";
				SDKROOT = watchos;
				SKIP_INSTALL = YES;
				SWIFT_EMIT_LOC_STRINGS = YES;
				SWIFT_VERSION = 5.0;
				TARGETED_DEVICE_FAMILY = 4;
				WATCHOS_DEPLOYMENT_TARGET = 10.4;
			};
			name = Debug;
		};
		F7EAE83F2BEE6B2200BD6B30 /* Release */ = {
			isa = XCBuildConfiguration;
			buildSettings = {
				ASSETCATALOG_COMPILER_APPICON_NAME = AppIcon;
				ASSETCATALOG_COMPILER_GLOBAL_ACCENT_COLOR_NAME = AccentColor;
				CODE_SIGN_STYLE = Automatic;
				CURRENT_PROJECT_VERSION = 1;
				DEVELOPMENT_ASSET_PATHS = "\"counters Watch App/Preview Content\"";
				ENABLE_PREVIEWS = YES;
				GENERATE_INFOPLIST_FILE = YES;
				INFOPLIST_KEY_CFBundleDisplayName = counters;
				INFOPLIST_KEY_UISupportedInterfaceOrientations = "UIInterfaceOrientationPortrait UIInterfaceOrientationPortraitUpsideDown";
				INFOPLIST_KEY_WKWatchOnly = YES;
				LD_RUNPATH_SEARCH_PATHS = (
					"$(inherited)",
					"@executable_path/Frameworks",
				);
				MARKETING_VERSION = 1.0;
				PRODUCT_BUNDLE_IDENTIFIER = twistezo.counters.watchkitapp;
				PRODUCT_NAME = "$(TARGET_NAME)";
				SDKROOT = watchos;
				SKIP_INSTALL = YES;
				SWIFT_EMIT_LOC_STRINGS = YES;
				SWIFT_VERSION = 5.0;
				TARGETED_DEVICE_FAMILY = 4;
				VALIDATE_PRODUCT = YES;
				WATCHOS_DEPLOYMENT_TARGET = 10.4;
			};
			name = Release;
		};
		F7EAE8422BEE6B2200BD6B30 /* Debug */ = {
			isa = XCBuildConfiguration;
			buildSettings = {
				ALWAYS_EMBED_SWIFT_STANDARD_LIBRARIES = YES;
				CODE_SIGN_STYLE = Automatic;
				CURRENT_PROJECT_VERSION = 1;
				INFOPLIST_KEY_CFBundleDisplayName = counters;
				MARKETING_VERSION = 1.0;
				PRODUCT_BUNDLE_IDENTIFIER = twistezo.counters;
				PRODUCT_NAME = "$(TARGET_NAME)";
				SDKROOT = iphoneos;
				SWIFT_VERSION = 5.0;
			};
			name = Debug;
		};
		F7EAE8432BEE6B2200BD6B30 /* Release */ = {
			isa = XCBuildConfiguration;
			buildSettings = {
				ALWAYS_EMBED_SWIFT_STANDARD_LIBRARIES = YES;
				CODE_SIGN_STYLE = Automatic;
				CURRENT_PROJECT_VERSION = 1;
				INFOPLIST_KEY_CFBundleDisplayName = counters;
				MARKETING_VERSION = 1.0;
				PRODUCT_BUNDLE_IDENTIFIER = twistezo.counters;
				PRODUCT_NAME = "$(TARGET_NAME)";
				SDKROOT = iphoneos;
				SWIFT_VERSION = 5.0;
				VALIDATE_PRODUCT = YES;
			};
			name = Release;
		};
/* End XCBuildConfiguration section */

/* Begin XCConfigurationList section */
		F7EAE8242BEE6B2100BD6B30 /* Build configuration list for PBXProject "counters" */ = {
			isa = XCConfigurationList;
			buildConfigurations = (
				F7EAE83B2BEE6B2200BD6B30 /* Debug */,
				F7EAE83C2BEE6B2200BD6B30 /* Release */,
			);
			defaultConfigurationIsVisible = 0;
			defaultConfigurationName = Release;
		};
		F7EAE83D2BEE6B2200BD6B30 /* Build configuration list for PBXNativeTarget "counters Watch App" */ = {
			isa = XCConfigurationList;
			buildConfigurations = (
				F7EAE83E2BEE6B2200BD6B30 /* Debug */,
				F7EAE83F2BEE6B2200BD6B30 /* Release */,
			);
			defaultConfigurationIsVisible = 0;
			defaultConfigurationName = Release;
		};
		F7EAE8412BEE6B2200BD6B30 /* Build configuration list for PBXNativeTarget "counters" */ = {
			isa = XCConfigurationList;
			buildConfigurations = (
				F7EAE8422BEE6B2200BD6B30 /* Debug */,
				F7EAE8432BEE6B2200BD6B30 /* Release */,
			);
			defaultConfigurationIsVisible = 0;
			defaultConfigurationName = Release;
		};
/* End XCConfigurationList section */
	};
	rootObject = F7EAE8212BEE6B2100BD6B30 /* Project object */;
}
